
Microsoft Visual Studio Solution File, Format Version 12.00
# Visual Studio Version 17
VisualStudioVersion = 17.0.31912.275
MinimumVisualStudioVersion = 10.0.40219.1
Project("{9A19103F-16F7-4668-BE54-9A1E7A4F7556}") = "AoC2021Core", "AoC2021Core\AoC2021Core.csproj", "{B5BD7DC8-1AA9-4C90-90B6-97ECBD6C913B}"
EndProject
Project("{9A19103F-16F7-4668-BE54-9A1E7A4F7556}") = "AoC2021Main", "AoC2021Main\AoC2021Main.csproj", "{5942A060-6AC1-4A31-AEF0-11A3DAD62007}"
EndProject
Project("{9A19103F-16F7-4668-BE54-9A1E7A4F7556}") = "AoC2021Days", "AoC2021Days\AoC2021Days.csproj", "{97E2F16B-D27C-42BC-AB0C-613AB594854F}"
EndProject
Project("{9A19103F-16F7-4668-BE54-9A1E7A4F7556}") = "AoC2021Class", "AoC2021Class\AoC2021Class.csproj", "{F10097DB-AB2D-40B7-9462-9BFCD1AFCBE4}"
EndProject
Project("{2150E333-8FDC-42A3-9474-1A3956D46DE8}") = "Solution Items", "Solution Items", "{E9636950-8D82-4A9D-A243-1423EB8FA579}"
	ProjectSection(SolutionItems) = preProject
		..\README.md = ..\README.md
	EndProjectSection
EndProject
Global
	GlobalSection(SolutionConfigurationPlatforms) = preSolution
		Debug|Any CPU = Debug|Any CPU
		Release|Any CPU = Release|Any CPU
	EndGlobalSection
	GlobalSection(ProjectConfigurationPlatforms) = postSolution
		{B5BD7DC8-1AA9-4C90-90B6-97ECBD6C913B}.Debug|Any CPU.ActiveCfg = Debug|Any CPU
		{B5BD7DC8-1AA9-4C90-90B6-97ECBD6C913B}.Debug|Any CPU.Build.0 = Debug|Any CPU
		{B5BD7DC8-1AA9-4C90-90B6-97ECBD6C913B}.Release|Any CPU.ActiveCfg = Release|Any CPU
		{B5BD7DC8-1AA9-4C90-90B6-97ECBD6C913B}.Release|Any CPU.Build.0 = Release|Any CPU
		{5942A060-6AC1-4A31-AEF0-11A3DAD62007}.Debug|Any CPU.ActiveCfg = Debug|Any CPU
		{5942A060-6AC1-4A31-AEF0-11A3DAD62007}.Debug|Any CPU.Build.0 = Debug|Any CPU
		{5942A060-6AC1-4A31-AEF0-11A3DAD62007}.Release|Any CPU.ActiveCfg = Release|Any CPU
		{5942A060-6AC1-4A31-AEF0-11A3DAD62007}.Release|Any CPU.Build.0 = Release|Any CPU
		{97E2F16B-D27C-42BC-AB0C-613AB594854F}.Debug|Any CPU.ActiveCfg = Debug|Any CPU
		{97E2F16B-D27C-42BC-AB0C-613AB594854F}.Debug|Any CPU.Build.0 = Debug|Any CPU
		{97E2F16B-D27C-42BC-AB0C-613AB594854F}.Release|Any CPU.ActiveCfg = Release|Any CPU
		{97E2F16B-D27C-42BC-AB0C-613AB594854F}.Release|Any CPU.Build.0 = Release|Any CPU
		{F10097DB-AB2D-40B7-9462-9BFCD1AFCBE4}.Debug|Any CPU.ActiveCfg = Debug|Any CPU
		{F10097DB-AB2D-40B7-9462-9BFCD1AFCBE4}.Debug|Any CPU.Build.0 = Debug|Any CPU
		{F10097DB-AB2D-40B7-9462-9BFCD1AFCBE4}.Release|Any CPU.ActiveCfg = Release|Any CPU
		{F10097DB-AB2D-40B7-9462-9BFCD1AFCBE4}.Release|Any CPU.Build.0 = Release|Any CPU
	EndGlobalSection
	GlobalSection(SolutionProperties) = preSolution
		HideSolutionNode = FALSE
	EndGlobalSection
	GlobalSection(ExtensibilityGlobals) = postSolution
		SolutionGuid = {AADDE1B7-E2E6-43EC-BACD-075BC7E25EA7}
	EndGlobalSection
EndGlobal
